<?xml version="1.0" encoding="utf-8"?>
<Project ToolsVersion="4.0" xmlns="http://schemas.microsoft.com/developer/msbuild/2003">
  <ItemGroup>
    <Filter Include="소스 파일">
      <UniqueIdentifier>{4FC737F1-C7A5-4376-A066-2A32D752A2FF}</UniqueIdentifier>
      <Extensions>cpp;c;cc;cxx;def;odl;idl;hpj;bat;asm;asmx</Extensions>
    </Filter>
    <Filter Include="헤더 파일">
      <UniqueIdentifier>{93995380-89BD-4b04-88EB-625FBE52EBFB}</UniqueIdentifier>
      <Extensions>h;hpp;hxx;hm;inl;inc;xsd</Extensions>
    </Filter>
    <Filter Include="리소스 파일">
      <UniqueIdentifier>{67DA6AB6-F800-4c08-8B7A-83BB121AAD01}</UniqueIdentifier>
      <Extensions>rc;ico;cur;bmp;dlg;rc2;rct;bin;rgs;gif;jpg;jpeg;jpe;resx;tiff;tif;png;wav</Extensions>
    </Filter>
    <Filter Include="wmplib">
      <UniqueIdentifier>{79bc62be-1b55-41d9-ad37-1299c1a9ebae}</UniqueIdentifier>
    </Filter>
  </ItemGroup>
  <ItemGroup>
    <ClCompile Include="stdafx.cpp">
      <Filter>소스 파일</Filter>
    </ClCompile>
    <ClCompile Include="wmpPlayer.cpp">
      <Filter>소스 파일</Filter>
    </ClCompile>
    <ClCompile Include="wmpPlayerDlg.cpp">
      <Filter>소스 파일</Filter>
    </ClCompile>
    <ClCompile Include="..\wmplib\CWMPCdrom.cpp">
      <Filter>wmplib</Filter>
    </ClCompile>
    <ClCompile Include="..\wmplib\CWMPCdromCollection.cpp">
      <Filter>wmplib</Filter>
    </ClCompile>
    <ClCompile Include="..\wmplib\CWMPClosedCaption.cpp">
      <Filter>wmplib</Filter>
    </ClCompile>
    <ClCompile Include="..\wmplib\CWMPControls.cpp">
      <Filter>wmplib</Filter>
    </ClCompile>
    <ClCompile Include="..\wmplib\CWMPDVD.cpp">
      <Filter>wmplib</Filter>
    </ClCompile>
    <ClCompile Include="..\wmplib\CWMPError.cpp">
      <Filter>wmplib</Filter>
    </ClCompile>
    <ClCompile Include="..\wmplib\CWMPErrorItem.cpp">
      <Filter>wmplib</Filter>
    </ClCompile>
    <ClCompile Include="..\wmplib\CWMPMedia.cpp">
      <Filter>wmplib</Filter>
    </ClCompile>
    <ClCompile Include="..\wmplib\CWMPMediaCollection.cpp">
      <Filter>wmplib</Filter>
    </ClCompile>
    <ClCompile Include="..\wmplib\CWMPNetwork.cpp">
      <Filter>wmplib</Filter>
    </ClCompile>
    <ClCompile Include="..\wmplib\CWMPPlayer4.cpp">
      <Filter>wmplib</Filter>
    </ClCompile>
    <ClCompile Include="..\wmplib\CWMPPlayerApplication.cpp">
      <Filter>wmplib</Filter>
    </ClCompile>
    <ClCompile Include="..\wmplib\CWMPPlaylist.cpp">
      <Filter>wmplib</Filter>
    </ClCompile>
    <ClCompile Include="..\wmplib\CWMPPlaylistArray.cpp">
      <Filter>wmplib</Filter>
    </ClCompile>
    <ClCompile Include="..\wmplib\CWMPPlaylistCollection.cpp">
      <Filter>wmplib</Filter>
    </ClCompile>
    <ClCompile Include="..\wmplib\CWMPSettings.cpp">
      <Filter>wmplib</Filter>
    </ClCompile>
    <ClCompile Include="..\wmplib\CWMPStringCollection.cpp">
      <Filter>wmplib</Filter>
    </ClCompile>
  </ItemGroup>
  <ItemGroup>
    <ClInclude Include="Resource.h">
      <Filter>헤더 파일</Filter>
    </ClInclude>
    <ClInclude Include="stdafx.h">
      <Filter>헤더 파일</Filter>
    </ClInclude>
    <ClInclude Include="targetver.h">
      <Filter>헤더 파일</Filter>
    </ClInclude>
    <ClInclude Include="wmpPlayer.h">
      <Filter>헤더 파일</Filter>
    </ClInclude>
    <ClInclude Include="wmpPlayerDlg.h">
      <Filter>헤더 파일</Filter>
    </ClInclude>
    <ClInclude Include="..\wmplib\CWMPCdrom.h">
      <Filter>wmplib</Filter>
    </ClInclude>
    <ClInclude Include="..\wmplib\CWMPCdromCollection.h">
      <Filter>wmplib</Filter>
    </ClInclude>
    <ClInclude Include="..\wmplib\CWMPClosedCaption.h">
      <Filter>wmplib</Filter>
    </ClInclude>
    <ClInclude Include="..\wmplib\CWMPControls.h">
      <Filter>wmplib</Filter>
    </ClInclude>
    <ClInclude Include="..\wmplib\CWMPDVD.h">
      <Filter>wmplib</Filter>
    </ClInclude>
    <ClInclude Include="..\wmplib\CWMPError.h">
      <Filter>wmplib</Filter>
    </ClInclude>
    <ClInclude Include="..\wmplib\CWMPErrorItem.h">
      <Filter>wmplib</Filter>
    </ClInclude>
    <ClInclude Include="..\wmplib\CWMPMedia.h">
      <Filter>wmplib</Filter>
    </ClInclude>
    <ClInclude Include="..\wmplib\CWMPMediaCollection.h">
      <Filter>wmplib</Filter>
    </ClInclude>
    <ClInclude Include="..\wmplib\CWMPNetwork.h">
      <Filter>wmplib</Filter>
    </ClInclude>
    <ClInclude Include="..\wmplib\CWMPPlayer4.h">
      <Filter>wmplib</Filter>
    </ClInclude>
    <ClInclude Include="..\wmplib\CWMPPlayerApplication.h">
      <Filter>wmplib</Filter>
    </ClInclude>
    <ClInclude Include="..\wmplib\CWMPPlaylist.h">
      <Filter>wmplib</Filter>
    </ClInclude>
    <ClInclude Include="..\wmplib\CWMPPlaylistArray.h">
      <Filter>wmplib</Filter>
    </ClInclude>
    <ClInclude Include="..\wmplib\CWMPPlaylistCollection.h">
      <Filter>wmplib</Filter>
    </ClInclude>
    <ClInclude Include="..\wmplib\CWMPSettings.h">
      <Filter>wmplib</Filter>
    </ClInclude>
    <ClInclude Include="..\wmplib\CWMPStringCollection.h">
      <Filter>wmplib</Filter>
    </ClInclude>
  </ItemGroup>
  <ItemGroup>
    <Image Include="res\wmpPlayer.ico">
      <Filter>리소스 파일</Filter>
    </Image>
  </ItemGroup>
  <ItemGroup>
    <ResourceCompile Include="wmpPlayer.rc">
      <Filter>리소스 파일</Filter>
    </ResourceCompile>
  </ItemGroup>
  <ItemGroup>
    <None Include="res\wmpPlayer.rc2">
      <Filter>리소스 파일</Filter>
    </None>
  </ItemGroup>
  <ItemGroup>
    <Text Include="ReadMe.txt" />
  </ItemGroup>
</Project>